// !$*UTF8*$!
{
	archiveVersion = 1;
	classes = {
	};
	objectVersion = 48;
	objects = {

/* Begin PBXBuildFile section */
		BE2A10EF1FE148DD0097039D /* MovieSearchViewModel.swift in Sources */ = {isa = PBXBuildFile; fileRef = BE2A10EE1FE148DD0097039D /* MovieSearchViewModel.swift */; };
		BE2A10F41FE14C4D0097039D /* AlamofireMovieDataStore.swift in Sources */ = {isa = PBXBuildFile; fileRef = BE2A10F31FE14C4D0097039D /* AlamofireMovieDataStore.swift */; };
		BE2A10F61FE16A780097039D /* MovieDataTransferObject.swift in Sources */ = {isa = PBXBuildFile; fileRef = BE2A10F51FE16A780097039D /* MovieDataTransferObject.swift */; };
		BE2A10FA1FE177820097039D /* MovieResponseModel.swift in Sources */ = {isa = PBXBuildFile; fileRef = BE2A10F91FE177820097039D /* MovieResponseModel.swift */; };
		BE2A10FC1FE177940097039D /* MovieRequestModel.swift in Sources */ = {isa = PBXBuildFile; fileRef = BE2A10FB1FE177940097039D /* MovieRequestModel.swift */; };
		BE3F8CB01FE6342300226107 /* MovieDataTransferObjectTests.swift in Sources */ = {isa = PBXBuildFile; fileRef = BE3F8CAF1FE6342300226107 /* MovieDataTransferObjectTests.swift */; };
		BE3F8CB21FE635BB00226107 /* StubMovieDataStore.swift in Sources */ = {isa = PBXBuildFile; fileRef = BE3F8CB11FE635BB00226107 /* StubMovieDataStore.swift */; };
		BE3F8CB61FE63CF300226107 /* StubQueryDataStore.swift in Sources */ = {isa = PBXBuildFile; fileRef = BE3F8CB51FE63CF300226107 /* StubQueryDataStore.swift */; };
		BE3F8CB91FE6691400226107 /* MovieViewModelSearchQueryTests.swift in Sources */ = {isa = PBXBuildFile; fileRef = BE3F8CB81FE6691400226107 /* MovieViewModelSearchQueryTests.swift */; };
		BE3F8CBB1FE6692E00226107 /* MovieViewModelLoadNextPageTests.swift in Sources */ = {isa = PBXBuildFile; fileRef = BE3F8CBA1FE6692E00226107 /* MovieViewModelLoadNextPageTests.swift */; };
		BE3F8CBD1FE6694D00226107 /* MovieViewModelSavedQueryTests.swift in Sources */ = {isa = PBXBuildFile; fileRef = BE3F8CBC1FE6694D00226107 /* MovieViewModelSavedQueryTests.swift */; };
		BE4A91D21FE3FEFE00BF99FA /* CoreDataQueryDataStore.swift in Sources */ = {isa = PBXBuildFile; fileRef = BE4A91D11FE3FEFE00BF99FA /* CoreDataQueryDataStore.swift */; };
		BE4C0F311FE4522600311E19 /* MovieDataStore.swift in Sources */ = {isa = PBXBuildFile; fileRef = BE4C0F2F1FE4522600311E19 /* MovieDataStore.swift */; };
		BE4C0F321FE4522600311E19 /* QueryDataStore.swift in Sources */ = {isa = PBXBuildFile; fileRef = BE4C0F301FE4522600311E19 /* QueryDataStore.swift */; };
		BE4C0F391FE462FC00311E19 /* MenuTableViewController.swift in Sources */ = {isa = PBXBuildFile; fileRef = BE4C0F381FE462FC00311E19 /* MenuTableViewController.swift */; };
		BE73735E1FE307470026CE6E /* Kingfisher.framework in Frameworks */ = {isa = PBXBuildFile; fileRef = BE73735D1FE307470026CE6E /* Kingfisher.framework */; };
		BE7373601FE307BC0026CE6E /* UIImageView+Extension.swift in Sources */ = {isa = PBXBuildFile; fileRef = BE73735F1FE307BC0026CE6E /* UIImageView+Extension.swift */; };
		BE796CA51FE254D300700B4F /* JSONTranslation.swift in Sources */ = {isa = PBXBuildFile; fileRef = BE796CA41FE254D300700B4F /* JSONTranslation.swift */; };
		BE796CAB1FE281CE00700B4F /* MovieTableViewCell.swift in Sources */ = {isa = PBXBuildFile; fileRef = BE796CAA1FE281CE00700B4F /* MovieTableViewCell.swift */; };
		BE796CAD1FE28EC100700B4F /* MovieTableViewCellViewModel.swift in Sources */ = {isa = PBXBuildFile; fileRef = BE796CAC1FE28EC100700B4F /* MovieTableViewCellViewModel.swift */; };
		BEAD8E041FE1051A00546C7A /* LaunchScreen.storyboard in Resources */ = {isa = PBXBuildFile; fileRef = BEAD8E031FE1051A00546C7A /* LaunchScreen.storyboard */; };
		BEAD8E0C1FE105FB00546C7A /* Movie.storyboard in Resources */ = {isa = PBXBuildFile; fileRef = BEAD8E0B1FE105FB00546C7A /* Movie.storyboard */; };
		BEAD8E0F1FE106C300546C7A /* AppConstants.swift in Sources */ = {isa = PBXBuildFile; fileRef = BEAD8E0E1FE106C300546C7A /* AppConstants.swift */; };
		BEAD8E161FE1075E00546C7A /* AlamofireNetwork.swift in Sources */ = {isa = PBXBuildFile; fileRef = BEAD8E121FE1075E00546C7A /* AlamofireNetwork.swift */; };
		BEAD8E171FE1075E00546C7A /* AlamofireRouterRequest.swift in Sources */ = {isa = PBXBuildFile; fileRef = BEAD8E131FE1075E00546C7A /* AlamofireRouterRequest.swift */; };
		BEAD8E181FE1075E00546C7A /* APIRoutering.swift in Sources */ = {isa = PBXBuildFile; fileRef = BEAD8E141FE1075E00546C7A /* APIRoutering.swift */; };
		BEAD8E191FE1075E00546C7A /* Networking.swift in Sources */ = {isa = PBXBuildFile; fileRef = BEAD8E151FE1075E00546C7A /* Networking.swift */; };
		BEAD8E1C1FE1085D00546C7A /* DataResponseModel.swift in Sources */ = {isa = PBXBuildFile; fileRef = BEAD8E1B1FE1085D00546C7A /* DataResponseModel.swift */; };
		BEAD8E1E1FE108B100546C7A /* NetworkError.swift in Sources */ = {isa = PBXBuildFile; fileRef = BEAD8E1D1FE108B100546C7A /* NetworkError.swift */; };
		BEAD8E481FE116FB00546C7A /* DependencyRegistry.swift in Sources */ = {isa = PBXBuildFile; fileRef = BEAD8E461FE116FB00546C7A /* DependencyRegistry.swift */; };
		BEAD8E491FE116FB00546C7A /* SwinjectStoryboard+Extensions.swift in Sources */ = {isa = PBXBuildFile; fileRef = BEAD8E471FE116FB00546C7A /* SwinjectStoryboard+Extensions.swift */; };
		BEAD8E4D1FE12C8900546C7A /* AppRootCoordinator.swift in Sources */ = {isa = PBXBuildFile; fileRef = BEAD8E4C1FE12C8900546C7A /* AppRootCoordinator.swift */; };
		BEAD8E521FE1332800546C7A /* MovieSearchViewController.swift in Sources */ = {isa = PBXBuildFile; fileRef = BEAD8E511FE1332800546C7A /* MovieSearchViewController.swift */; };
		BEDDDBBF1FE3A6D600560342 /* Careem.xcdatamodeld in Sources */ = {isa = PBXBuildFile; fileRef = BEDDDBBD1FE3A6D600560342 /* Careem.xcdatamodeld */; };
		BEDDDBC61FE3A96900560342 /* QueryManagedObject+CoreDataClass.swift in Sources */ = {isa = PBXBuildFile; fileRef = BEDDDBC41FE3A96900560342 /* QueryManagedObject+CoreDataClass.swift */; };
		BEDDDBC71FE3A96900560342 /* QueryManagedObject+CoreDataProperties.swift in Sources */ = {isa = PBXBuildFile; fileRef = BEDDDBC51FE3A96900560342 /* QueryManagedObject+CoreDataProperties.swift */; };
		BEDDDBCC1FE3AEB600560342 /* CareemDataLayer.swift in Sources */ = {isa = PBXBuildFile; fileRef = BEDDDBCB1FE3AEB600560342 /* CareemDataLayer.swift */; };
		BEE6A8291FE0FB7E00EA047C /* AppDelegate.swift in Sources */ = {isa = PBXBuildFile; fileRef = BEE6A8281FE0FB7E00EA047C /* AppDelegate.swift */; };
		BEE6A8301FE0FB7E00EA047C /* Assets.xcassets in Resources */ = {isa = PBXBuildFile; fileRef = BEE6A82F1FE0FB7E00EA047C /* Assets.xcassets */; };
		BEEDB16D1FE1017200DBD58E /* SwinjectStoryboard.framework in Frameworks */ = {isa = PBXBuildFile; fileRef = BEEDB16A1FE1017200DBD58E /* SwinjectStoryboard.framework */; };
		BEEDB16E1FE1017200DBD58E /* Swinject.framework in Frameworks */ = {isa = PBXBuildFile; fileRef = BEEDB16B1FE1017200DBD58E /* Swinject.framework */; };
		BEEDB16F1FE1017200DBD58E /* Alamofire.framework in Frameworks */ = {isa = PBXBuildFile; fileRef = BEEDB16C1FE1017200DBD58E /* Alamofire.framework */; };
/* End PBXBuildFile section */

/* Begin PBXContainerItemProxy section */
		BEE6A83A1FE0FB7E00EA047C /* PBXContainerItemProxy */ = {
			isa = PBXContainerItemProxy;
			containerPortal = BEE6A81D1FE0FB7E00EA047C /* Project object */;
			proxyType = 1;
			remoteGlobalIDString = BEE6A8241FE0FB7E00EA047C;
			remoteInfo = CareemAssignment;
		};
/* End PBXContainerItemProxy section */

/* Begin PBXFileReference section */
		BE2A10EE1FE148DD0097039D /* MovieSearchViewModel.swift */ = {isa = PBXFileReference; lastKnownFileType = sourcecode.swift; path = MovieSearchViewModel.swift; sourceTree = "<group>"; };
		BE2A10F31FE14C4D0097039D /* AlamofireMovieDataStore.swift */ = {isa = PBXFileReference; lastKnownFileType = sourcecode.swift; path = AlamofireMovieDataStore.swift; sourceTree = "<group>"; };
		BE2A10F51FE16A780097039D /* MovieDataTransferObject.swift */ = {isa = PBXFileReference; lastKnownFileType = sourcecode.swift; path = MovieDataTransferObject.swift; sourceTree = "<group>"; };
		BE2A10F91FE177820097039D /* MovieResponseModel.swift */ = {isa = PBXFileReference; lastKnownFileType = sourcecode.swift; path = MovieResponseModel.swift; sourceTree = "<group>"; };
		BE2A10FB1FE177940097039D /* MovieRequestModel.swift */ = {isa = PBXFileReference; lastKnownFileType = sourcecode.swift; path = MovieRequestModel.swift; sourceTree = "<group>"; };
		BE3F8CAF1FE6342300226107 /* MovieDataTransferObjectTests.swift */ = {isa = PBXFileReference; lastKnownFileType = sourcecode.swift; path = MovieDataTransferObjectTests.swift; sourceTree = "<group>"; };
		BE3F8CB11FE635BB00226107 /* StubMovieDataStore.swift */ = {isa = PBXFileReference; lastKnownFileType = sourcecode.swift; path = StubMovieDataStore.swift; sourceTree = "<group>"; };
		BE3F8CB51FE63CF300226107 /* StubQueryDataStore.swift */ = {isa = PBXFileReference; lastKnownFileType = sourcecode.swift; path = StubQueryDataStore.swift; sourceTree = "<group>"; };
		BE3F8CB81FE6691400226107 /* MovieViewModelSearchQueryTests.swift */ = {isa = PBXFileReference; lastKnownFileType = sourcecode.swift; path = MovieViewModelSearchQueryTests.swift; sourceTree = "<group>"; };
		BE3F8CBA1FE6692E00226107 /* MovieViewModelLoadNextPageTests.swift */ = {isa = PBXFileReference; lastKnownFileType = sourcecode.swift; path = MovieViewModelLoadNextPageTests.swift; sourceTree = "<group>"; };
		BE3F8CBC1FE6694D00226107 /* MovieViewModelSavedQueryTests.swift */ = {isa = PBXFileReference; lastKnownFileType = sourcecode.swift; path = MovieViewModelSavedQueryTests.swift; sourceTree = "<group>"; };
		BE4A91D11FE3FEFE00BF99FA /* CoreDataQueryDataStore.swift */ = {isa = PBXFileReference; lastKnownFileType = sourcecode.swift; path = CoreDataQueryDataStore.swift; sourceTree = "<group>"; };
		BE4C0F2F1FE4522600311E19 /* MovieDataStore.swift */ = {isa = PBXFileReference; fileEncoding = 4; lastKnownFileType = sourcecode.swift; path = MovieDataStore.swift; sourceTree = "<group>"; };
		BE4C0F301FE4522600311E19 /* QueryDataStore.swift */ = {isa = PBXFileReference; fileEncoding = 4; lastKnownFileType = sourcecode.swift; path = QueryDataStore.swift; sourceTree = "<group>"; };
		BE4C0F381FE462FC00311E19 /* MenuTableViewController.swift */ = {isa = PBXFileReference; lastKnownFileType = sourcecode.swift; path = MenuTableViewController.swift; sourceTree = "<group>"; };
		BE73735D1FE307470026CE6E /* Kingfisher.framework */ = {isa = PBXFileReference; lastKnownFileType = wrapper.framework; name = Kingfisher.framework; path = Carthage/Build/iOS/Kingfisher.framework; sourceTree = "<group>"; };
		BE73735F1FE307BC0026CE6E /* UIImageView+Extension.swift */ = {isa = PBXFileReference; lastKnownFileType = sourcecode.swift; path = "UIImageView+Extension.swift"; sourceTree = "<group>"; };
		BE796CA41FE254D300700B4F /* JSONTranslation.swift */ = {isa = PBXFileReference; lastKnownFileType = sourcecode.swift; path = JSONTranslation.swift; sourceTree = "<group>"; };
		BE796CAA1FE281CE00700B4F /* MovieTableViewCell.swift */ = {isa = PBXFileReference; lastKnownFileType = sourcecode.swift; path = MovieTableViewCell.swift; sourceTree = "<group>"; };
		BE796CAC1FE28EC100700B4F /* MovieTableViewCellViewModel.swift */ = {isa = PBXFileReference; lastKnownFileType = sourcecode.swift; path = MovieTableViewCellViewModel.swift; sourceTree = "<group>"; };
		BEAD8E031FE1051A00546C7A /* LaunchScreen.storyboard */ = {isa = PBXFileReference; fileEncoding = 4; lastKnownFileType = file.storyboard; path = LaunchScreen.storyboard; sourceTree = "<group>"; };
		BEAD8E0B1FE105FB00546C7A /* Movie.storyboard */ = {isa = PBXFileReference; lastKnownFileType = file.storyboard; path = Movie.storyboard; sourceTree = "<group>"; };
		BEAD8E0E1FE106C300546C7A /* AppConstants.swift */ = {isa = PBXFileReference; lastKnownFileType = sourcecode.swift; path = AppConstants.swift; sourceTree = "<group>"; };
		BEAD8E121FE1075E00546C7A /* AlamofireNetwork.swift */ = {isa = PBXFileReference; fileEncoding = 4; lastKnownFileType = sourcecode.swift; path = AlamofireNetwork.swift; sourceTree = "<group>"; };
		BEAD8E131FE1075E00546C7A /* AlamofireRouterRequest.swift */ = {isa = PBXFileReference; fileEncoding = 4; lastKnownFileType = sourcecode.swift; path = AlamofireRouterRequest.swift; sourceTree = "<group>"; };
		BEAD8E141FE1075E00546C7A /* APIRoutering.swift */ = {isa = PBXFileReference; fileEncoding = 4; lastKnownFileType = sourcecode.swift; path = APIRoutering.swift; sourceTree = "<group>"; };
		BEAD8E151FE1075E00546C7A /* Networking.swift */ = {isa = PBXFileReference; fileEncoding = 4; lastKnownFileType = sourcecode.swift; path = Networking.swift; sourceTree = "<group>"; };
		BEAD8E1B1FE1085D00546C7A /* DataResponseModel.swift */ = {isa = PBXFileReference; fileEncoding = 4; lastKnownFileType = sourcecode.swift; path = DataResponseModel.swift; sourceTree = "<group>"; };
		BEAD8E1D1FE108B100546C7A /* NetworkError.swift */ = {isa = PBXFileReference; fileEncoding = 4; lastKnownFileType = sourcecode.swift; path = NetworkError.swift; sourceTree = "<group>"; };
		BEAD8E461FE116FB00546C7A /* DependencyRegistry.swift */ = {isa = PBXFileReference; fileEncoding = 4; lastKnownFileType = sourcecode.swift; path = DependencyRegistry.swift; sourceTree = "<group>"; };
		BEAD8E471FE116FB00546C7A /* SwinjectStoryboard+Extensions.swift */ = {isa = PBXFileReference; fileEncoding = 4; lastKnownFileType = sourcecode.swift; path = "SwinjectStoryboard+Extensions.swift"; sourceTree = "<group>"; };
		BEAD8E4C1FE12C8900546C7A /* AppRootCoordinator.swift */ = {isa = PBXFileReference; lastKnownFileType = sourcecode.swift; path = AppRootCoordinator.swift; sourceTree = "<group>"; };
		BEAD8E511FE1332800546C7A /* MovieSearchViewController.swift */ = {isa = PBXFileReference; lastKnownFileType = sourcecode.swift; path = MovieSearchViewController.swift; sourceTree = "<group>"; };
		BEDDDBBE1FE3A6D600560342 /* Careem.xcdatamodel */ = {isa = PBXFileReference; lastKnownFileType = wrapper.xcdatamodel; path = Careem.xcdatamodel; sourceTree = "<group>"; };
		BEDDDBC41FE3A96900560342 /* QueryManagedObject+CoreDataClass.swift */ = {isa = PBXFileReference; lastKnownFileType = sourcecode.swift; path = "QueryManagedObject+CoreDataClass.swift"; sourceTree = "<group>"; };
		BEDDDBC51FE3A96900560342 /* QueryManagedObject+CoreDataProperties.swift */ = {isa = PBXFileReference; lastKnownFileType = sourcecode.swift; path = "QueryManagedObject+CoreDataProperties.swift"; sourceTree = "<group>"; };
		BEDDDBCB1FE3AEB600560342 /* CareemDataLayer.swift */ = {isa = PBXFileReference; lastKnownFileType = sourcecode.swift; path = CareemDataLayer.swift; sourceTree = "<group>"; };
		BEE6A8251FE0FB7E00EA047C /* CareemAssignment.app */ = {isa = PBXFileReference; explicitFileType = wrapper.application; includeInIndex = 0; path = CareemAssignment.app; sourceTree = BUILT_PRODUCTS_DIR; };
		BEE6A8281FE0FB7E00EA047C /* AppDelegate.swift */ = {isa = PBXFileReference; lastKnownFileType = sourcecode.swift; path = AppDelegate.swift; sourceTree = "<group>"; };
		BEE6A82F1FE0FB7E00EA047C /* Assets.xcassets */ = {isa = PBXFileReference; lastKnownFileType = folder.assetcatalog; path = Assets.xcassets; sourceTree = "<group>"; };
		BEE6A8341FE0FB7E00EA047C /* Info.plist */ = {isa = PBXFileReference; lastKnownFileType = text.plist.xml; path = Info.plist; sourceTree = "<group>"; };
		BEE6A8391FE0FB7E00EA047C /* CareemAssignmentTests.xctest */ = {isa = PBXFileReference; explicitFileType = wrapper.cfbundle; includeInIndex = 0; path = CareemAssignmentTests.xctest; sourceTree = BUILT_PRODUCTS_DIR; };
		BEE6A83F1FE0FB7E00EA047C /* Info.plist */ = {isa = PBXFileReference; lastKnownFileType = text.plist.xml; path = Info.plist; sourceTree = "<group>"; };
		BEEDB16A1FE1017200DBD58E /* SwinjectStoryboard.framework */ = {isa = PBXFileReference; lastKnownFileType = wrapper.framework; name = SwinjectStoryboard.framework; path = Carthage/Build/iOS/SwinjectStoryboard.framework; sourceTree = "<group>"; };
		BEEDB16B1FE1017200DBD58E /* Swinject.framework */ = {isa = PBXFileReference; lastKnownFileType = wrapper.framework; name = Swinject.framework; path = Carthage/Build/iOS/Swinject.framework; sourceTree = "<group>"; };
		BEEDB16C1FE1017200DBD58E /* Alamofire.framework */ = {isa = PBXFileReference; lastKnownFileType = wrapper.framework; name = Alamofire.framework; path = Carthage/Build/iOS/Alamofire.framework; sourceTree = "<group>"; };
/* End PBXFileReference section */

/* Begin PBXFrameworksBuildPhase section */
		BEE6A8221FE0FB7E00EA047C /* Frameworks */ = {
			isa = PBXFrameworksBuildPhase;
			buildActionMask = 2147483647;
			files = (
				BEEDB16D1FE1017200DBD58E /* SwinjectStoryboard.framework in Frameworks */,
				BEEDB16E1FE1017200DBD58E /* Swinject.framework in Frameworks */,
				BEEDB16F1FE1017200DBD58E /* Alamofire.framework in Frameworks */,
				BE73735E1FE307470026CE6E /* Kingfisher.framework in Frameworks */,
			);
			runOnlyForDeploymentPostprocessing = 0;
		};
		BEE6A8361FE0FB7E00EA047C /* Frameworks */ = {
			isa = PBXFrameworksBuildPhase;
			buildActionMask = 2147483647;
			files = (
			);
			runOnlyForDeploymentPostprocessing = 0;
		};
/* End PBXFrameworksBuildPhase section */

/* Begin PBXGroup section */
		BE2A10ED1FE148640097039D /* Extensions */ = {
			isa = PBXGroup;
			children = (
				BE73735F1FE307BC0026CE6E /* UIImageView+Extension.swift */,
			);
			path = Extensions;
			sourceTree = "<group>";
		};
		BE2A10F01FE14B5A0097039D /* DataStores */ = {
			isa = PBXGroup;
			children = (
				BE4C0F361FE4538800311E19 /* AlamofireDataStores */,
				BE4C0F351FE4537300311E19 /* CoreDataDataStores */,
			);
			path = DataStores;
			sourceTree = "<group>";
		};
		BE2A10F71FE1773A0097039D /* RequestModels */ = {
			isa = PBXGroup;
			children = (
				BE2A10FB1FE177940097039D /* MovieRequestModel.swift */,
			);
			path = RequestModels;
			sourceTree = "<group>";
		};
		BE2A10F81FE177530097039D /* ResponseModels */ = {
			isa = PBXGroup;
			children = (
				BEAD8E1B1FE1085D00546C7A /* DataResponseModel.swift */,
				BE2A10F91FE177820097039D /* MovieResponseModel.swift */,
			);
			path = ResponseModels;
			sourceTree = "<group>";
		};
		BE3F8CAC1FE633AC00226107 /* ViewModels */ = {
			isa = PBXGroup;
			children = (
				BE3F8CB71FE668E300226107 /* MovieViewModel */,
			);
			path = ViewModels;
			sourceTree = "<group>";
		};
		BE3F8CAD1FE633BC00226107 /* DataStores */ = {
			isa = PBXGroup;
			children = (
				BE3F8CB11FE635BB00226107 /* StubMovieDataStore.swift */,
				BE3F8CB51FE63CF300226107 /* StubQueryDataStore.swift */,
			);
			path = DataStores;
			sourceTree = "<group>";
		};
		BE3F8CAE1FE633CD00226107 /* Models */ = {
			isa = PBXGroup;
			children = (
				BE3F8CAF1FE6342300226107 /* MovieDataTransferObjectTests.swift */,
			);
			path = Models;
			sourceTree = "<group>";
		};
		BE3F8CB71FE668E300226107 /* MovieViewModel */ = {
			isa = PBXGroup;
			children = (
				BE3F8CBA1FE6692E00226107 /* MovieViewModelLoadNextPageTests.swift */,
				BE3F8CBC1FE6694D00226107 /* MovieViewModelSavedQueryTests.swift */,
				BE3F8CB81FE6691400226107 /* MovieViewModelSearchQueryTests.swift */,
			);
			path = MovieViewModel;
			sourceTree = "<group>";
		};
		BE4C0F2E1FE4519700311E19 /* DataStores */ = {
			isa = PBXGroup;
			children = (
				BE4C0F2F1FE4522600311E19 /* MovieDataStore.swift */,
				BE4C0F301FE4522600311E19 /* QueryDataStore.swift */,
			);
			path = DataStores;
			sourceTree = "<group>";
		};
		BE4C0F331FE4528C00311E19 /* ManageObjects */ = {
			isa = PBXGroup;
			children = (
				BEDDDBC41FE3A96900560342 /* QueryManagedObject+CoreDataClass.swift */,
				BEDDDBC51FE3A96900560342 /* QueryManagedObject+CoreDataProperties.swift */,
			);
			path = ManageObjects;
			sourceTree = "<group>";
		};
		BE4C0F351FE4537300311E19 /* CoreDataDataStores */ = {
			isa = PBXGroup;
			children = (
				BE4A91D11FE3FEFE00BF99FA /* CoreDataQueryDataStore.swift */,
			);
			path = CoreDataDataStores;
			sourceTree = "<group>";
		};
		BE4C0F361FE4538800311E19 /* AlamofireDataStores */ = {
			isa = PBXGroup;
			children = (
				BE2A10F31FE14C4D0097039D /* AlamofireMovieDataStore.swift */,
			);
			path = AlamofireDataStores;
			sourceTree = "<group>";
		};
		BE4C0F3E1FE5764600311E19 /* Common */ = {
			isa = PBXGroup;
			children = (
				BE4C0F381FE462FC00311E19 /* MenuTableViewController.swift */,
			);
			path = Common;
			sourceTree = "<group>";
		};
		BE796CA31FE2549700700B4F /* Translation */ = {
			isa = PBXGroup;
			children = (
				BE796CA41FE254D300700B4F /* JSONTranslation.swift */,
			);
			path = Translation;
			sourceTree = "<group>";
		};
		BE796CA61FE2598B00700B4F /* Errors */ = {
			isa = PBXGroup;
			children = (
				BEAD8E1D1FE108B100546C7A /* NetworkError.swift */,
			);
			path = Errors;
			sourceTree = "<group>";
		};
		BE796CA91FE281B800700B4F /* Cells */ = {
			isa = PBXGroup;
			children = (
				BE796CAA1FE281CE00700B4F /* MovieTableViewCell.swift */,
				BE796CAC1FE28EC100700B4F /* MovieTableViewCellViewModel.swift */,
			);
			path = Cells;
			sourceTree = "<group>";
		};
		BEAD8E011FE1041A00546C7A /* AppRoot */ = {
			isa = PBXGroup;
			children = (
				BEAD8E451FE116CF00546C7A /* Dependencies */,
				BEE6A8281FE0FB7E00EA047C /* AppDelegate.swift */,
				BEE6A8341FE0FB7E00EA047C /* Info.plist */,
			);
			name = AppRoot;
			sourceTree = "<group>";
		};
		BEAD8E021FE1044400546C7A /* Resources */ = {
			isa = PBXGroup;
			children = (
				BEAD8E031FE1051A00546C7A /* LaunchScreen.storyboard */,
				BEE6A82F1FE0FB7E00EA047C /* Assets.xcassets */,
			);
			path = Resources;
			sourceTree = "<group>";
		};
		BEAD8E051FE1056000546C7A /* Core */ = {
			isa = PBXGroup;
			children = (
				BEAD8E091FE105DE00546C7A /* Common */,
				BEAD8E071FE1059800546C7A /* Model */,
				BEAD8E081FE105CD00546C7A /* Modules */,
				BEAD8E061FE1058C00546C7A /* UI */,
			);
			path = Core;
			sourceTree = "<group>";
		};
		BEAD8E061FE1058C00546C7A /* UI */ = {
			isa = PBXGroup;
			children = (
				BE796CA91FE281B800700B4F /* Cells */,
				BEAD8E0A1FE105F000546C7A /* Storyboards */,
			);
			path = UI;
			sourceTree = "<group>";
		};
		BEAD8E071FE1059800546C7A /* Model */ = {
			isa = PBXGroup;
			children = (
				BEDDDBBB1FE3A66A00560342 /* Database */,
				BE2A10F01FE14B5A0097039D /* DataStores */,
				BEAD8E1A1FE1082F00546C7A /* DataTransferObjects */,
				BE796CA61FE2598B00700B4F /* Errors */,
				BEAD8E101FE1075E00546C7A /* Networks */,
				BE2A10F71FE1773A0097039D /* RequestModels */,
				BE2A10F81FE177530097039D /* ResponseModels */,
				BE796CA31FE2549700700B4F /* Translation */,
			);
			path = Model;
			sourceTree = "<group>";
		};
		BEAD8E081FE105CD00546C7A /* Modules */ = {
			isa = PBXGroup;
			children = (
				BE4C0F3E1FE5764600311E19 /* Common */,
				BEAD8E4E1FE1329A00546C7A /* Movie */,
			);
			path = Modules;
			sourceTree = "<group>";
		};
		BEAD8E091FE105DE00546C7A /* Common */ = {
			isa = PBXGroup;
			children = (
				BEAD8E0D1FE1068B00546C7A /* Constants */,
				BEAD8E4B1FE12C3F00546C7A /* Coordinators */,
				BE2A10ED1FE148640097039D /* Extensions */,
				BEAD8E4A1FE118F300546C7A /* Protocols */,
			);
			path = Common;
			sourceTree = "<group>";
		};
		BEAD8E0A1FE105F000546C7A /* Storyboards */ = {
			isa = PBXGroup;
			children = (
				BEAD8E0B1FE105FB00546C7A /* Movie.storyboard */,
			);
			path = Storyboards;
			sourceTree = "<group>";
		};
		BEAD8E0D1FE1068B00546C7A /* Constants */ = {
			isa = PBXGroup;
			children = (
				BEAD8E0E1FE106C300546C7A /* AppConstants.swift */,
			);
			path = Constants;
			sourceTree = "<group>";
		};
		BEAD8E101FE1075E00546C7A /* Networks */ = {
			isa = PBXGroup;
			children = (
				BEAD8E111FE1075E00546C7A /* AlamofireNetwork */,
			);
			path = Networks;
			sourceTree = "<group>";
		};
		BEAD8E111FE1075E00546C7A /* AlamofireNetwork */ = {
			isa = PBXGroup;
			children = (
				BEAD8E151FE1075E00546C7A /* Networking.swift */,
				BEAD8E121FE1075E00546C7A /* AlamofireNetwork.swift */,
				BEAD8E131FE1075E00546C7A /* AlamofireRouterRequest.swift */,
				BEAD8E141FE1075E00546C7A /* APIRoutering.swift */,
			);
			path = AlamofireNetwork;
			sourceTree = "<group>";
		};
		BEAD8E1A1FE1082F00546C7A /* DataTransferObjects */ = {
			isa = PBXGroup;
			children = (
				BE2A10F51FE16A780097039D /* MovieDataTransferObject.swift */,
			);
			path = DataTransferObjects;
			sourceTree = "<group>";
		};
		BEAD8E451FE116CF00546C7A /* Dependencies */ = {
			isa = PBXGroup;
			children = (
				BEAD8E461FE116FB00546C7A /* DependencyRegistry.swift */,
				BEAD8E471FE116FB00546C7A /* SwinjectStoryboard+Extensions.swift */,
			);
			path = Dependencies;
			sourceTree = "<group>";
		};
		BEAD8E4A1FE118F300546C7A /* Protocols */ = {
			isa = PBXGroup;
			children = (
				BE4C0F2E1FE4519700311E19 /* DataStores */,
			);
			path = Protocols;
			sourceTree = "<group>";
		};
		BEAD8E4B1FE12C3F00546C7A /* Coordinators */ = {
			isa = PBXGroup;
			children = (
				BEAD8E4C1FE12C8900546C7A /* AppRootCoordinator.swift */,
			);
			path = Coordinators;
			sourceTree = "<group>";
		};
		BEAD8E4E1FE1329A00546C7A /* Movie */ = {
			isa = PBXGroup;
			children = (
				BEAD8E501FE1330C00546C7A /* MovieSearchModule */,
			);
			path = Movie;
			sourceTree = "<group>";
		};
		BEAD8E501FE1330C00546C7A /* MovieSearchModule */ = {
			isa = PBXGroup;
			children = (
				BEAD8E511FE1332800546C7A /* MovieSearchViewController.swift */,
				BE2A10EE1FE148DD0097039D /* MovieSearchViewModel.swift */,
			);
			path = MovieSearchModule;
			sourceTree = "<group>";
		};
		BEDDDBBB1FE3A66A00560342 /* Database */ = {
			isa = PBXGroup;
			children = (
				BEDDDBBC1FE3A67F00560342 /* CoreData */,
			);
			path = Database;
			sourceTree = "<group>";
		};
		BEDDDBBC1FE3A67F00560342 /* CoreData */ = {
			isa = PBXGroup;
			children = (
				BEDDDBCB1FE3AEB600560342 /* CareemDataLayer.swift */,
				BE4C0F331FE4528C00311E19 /* ManageObjects */,
				BEDDDBBD1FE3A6D600560342 /* Careem.xcdatamodeld */,
			);
			path = CoreData;
			sourceTree = "<group>";
		};
		BEE6A81C1FE0FB7E00EA047C = {
			isa = PBXGroup;
			children = (
				BEE6A8271FE0FB7E00EA047C /* CareemAssignment */,
				BEE6A83C1FE0FB7E00EA047C /* CareemAssignmentTests */,
				BEE6A8261FE0FB7E00EA047C /* Products */,
				BEEDB1691FE1017100DBD58E /* Frameworks */,
			);
			sourceTree = "<group>";
		};
		BEE6A8261FE0FB7E00EA047C /* Products */ = {
			isa = PBXGroup;
			children = (
				BEE6A8251FE0FB7E00EA047C /* CareemAssignment.app */,
				BEE6A8391FE0FB7E00EA047C /* CareemAssignmentTests.xctest */,
			);
			name = Products;
			sourceTree = "<group>";
		};
		BEE6A8271FE0FB7E00EA047C /* CareemAssignment */ = {
			isa = PBXGroup;
			children = (
				BEAD8E011FE1041A00546C7A /* AppRoot */,
				BEAD8E051FE1056000546C7A /* Core */,
				BEAD8E021FE1044400546C7A /* Resources */,
			);
			path = CareemAssignment;
			sourceTree = "<group>";
		};
		BEE6A83C1FE0FB7E00EA047C /* CareemAssignmentTests */ = {
			isa = PBXGroup;
			children = (
				BE3F8CAE1FE633CD00226107 /* Models */,
				BE3F8CAD1FE633BC00226107 /* DataStores */,
				BE3F8CAC1FE633AC00226107 /* ViewModels */,
				BEE6A83F1FE0FB7E00EA047C /* Info.plist */,
			);
			path = CareemAssignmentTests;
			sourceTree = "<group>";
		};
		BEEDB1691FE1017100DBD58E /* Frameworks */ = {
			isa = PBXGroup;
			children = (
				BE73735D1FE307470026CE6E /* Kingfisher.framework */,
				BEEDB16C1FE1017200DBD58E /* Alamofire.framework */,
				BEEDB16B1FE1017200DBD58E /* Swinject.framework */,
				BEEDB16A1FE1017200DBD58E /* SwinjectStoryboard.framework */,
			);
			name = Frameworks;
			sourceTree = "<group>";
		};
/* End PBXGroup section */

/* Begin PBXNativeTarget section */
		BEE6A8241FE0FB7E00EA047C /* CareemAssignment */ = {
			isa = PBXNativeTarget;
			buildConfigurationList = BEE6A8421FE0FB7E00EA047C /* Build configuration list for PBXNativeTarget "CareemAssignment" */;
			buildPhases = (
				BEE6A8211FE0FB7E00EA047C /* Sources */,
				BEE6A8221FE0FB7E00EA047C /* Frameworks */,
				BEE6A8231FE0FB7E00EA047C /* Resources */,
				BEEDB1701FE1017B00DBD58E /* ShellScript */,
			);
			buildRules = (
			);
			dependencies = (
			);
			name = CareemAssignment;
			productName = CareemAssignment;
			productReference = BEE6A8251FE0FB7E00EA047C /* CareemAssignment.app */;
			productType = "com.apple.product-type.application";
		};
		BEE6A8381FE0FB7E00EA047C /* CareemAssignmentTests */ = {
			isa = PBXNativeTarget;
			buildConfigurationList = BEE6A8451FE0FB7E00EA047C /* Build configuration list for PBXNativeTarget "CareemAssignmentTests" */;
			buildPhases = (
				BEE6A8351FE0FB7E00EA047C /* Sources */,
				BEE6A8361FE0FB7E00EA047C /* Frameworks */,
				BEE6A8371FE0FB7E00EA047C /* Resources */,
			);
			buildRules = (
			);
			dependencies = (
				BEE6A83B1FE0FB7E00EA047C /* PBXTargetDependency */,
			);
			name = CareemAssignmentTests;
			productName = CareemAssignmentTests;
			productReference = BEE6A8391FE0FB7E00EA047C /* CareemAssignmentTests.xctest */;
			productType = "com.apple.product-type.bundle.unit-test";
		};
/* End PBXNativeTarget section */

/* Begin PBXProject section */
		BEE6A81D1FE0FB7E00EA047C /* Project object */ = {
			isa = PBXProject;
			attributes = {
				LastSwiftUpdateCheck = 0920;
				LastUpgradeCheck = 0920;
				ORGANIZATIONNAME = "Haroon Ur Rasheed";
				TargetAttributes = {
					BEE6A8241FE0FB7E00EA047C = {
						CreatedOnToolsVersion = 9.2;
						ProvisioningStyle = Manual;
					};
					BEE6A8381FE0FB7E00EA047C = {
						CreatedOnToolsVersion = 9.2;
						ProvisioningStyle = Automatic;
						TestTargetID = BEE6A8241FE0FB7E00EA047C;
					};
				};
			};
			buildConfigurationList = BEE6A8201FE0FB7E00EA047C /* Build configuration list for PBXProject "CareemAssignment" */;
			compatibilityVersion = "Xcode 8.0";
			developmentRegion = en;
			hasScannedForEncodings = 0;
			knownRegions = (
				en,
				Base,
			);
			mainGroup = BEE6A81C1FE0FB7E00EA047C;
			productRefGroup = BEE6A8261FE0FB7E00EA047C /* Products */;
			projectDirPath = "";
			projectRoot = "";
			targets = (
				BEE6A8241FE0FB7E00EA047C /* CareemAssignment */,
				BEE6A8381FE0FB7E00EA047C /* CareemAssignmentTests */,
			);
		};
/* End PBXProject section */

/* Begin PBXResourcesBuildPhase section */
		BEE6A8231FE0FB7E00EA047C /* Resources */ = {
			isa = PBXResourcesBuildPhase;
			buildActionMask = 2147483647;
			files = (
				BEE6A8301FE0FB7E00EA047C /* Assets.xcassets in Resources */,
				BEAD8E0C1FE105FB00546C7A /* Movie.storyboard in Resources */,
				BEAD8E041FE1051A00546C7A /* LaunchScreen.storyboard in Resources */,
			);
			runOnlyForDeploymentPostprocessing = 0;
		};
		BEE6A8371FE0FB7E00EA047C /* Resources */ = {
			isa = PBXResourcesBuildPhase;
			buildActionMask = 2147483647;
			files = (
			);
			runOnlyForDeploymentPostprocessing = 0;
		};
/* End PBXResourcesBuildPhase section */

/* Begin PBXShellScriptBuildPhase section */
		BEEDB1701FE1017B00DBD58E /* ShellScript */ = {
			isa = PBXShellScriptBuildPhase;
			buildActionMask = 2147483647;
			files = (
			);
			inputPaths = (
				"$(SRCROOT)/Carthage/Build/iOS/Alamofire.framework",
				"$(SRCROOT)/Carthage/Build/iOS/Swinject.framework",
				"$(SRCROOT)/Carthage/Build/iOS/SwinjectStoryboard.framework",
				"$(SRCROOT)/Carthage/Build/iOS/Kingfisher.framework",
			);
			outputPaths = (
				"$(DERIVED_FILE_DIR)/$(FRAMEWORKS_FOLDER_PATH)/Alamofire.framework",
				"$(DERIVED_FILE_DIR)/$(FRAMEWORKS_FOLDER_PATH)/Swinject.framework",
				"$(DERIVED_FILE_DIR)/$(FRAMEWORKS_FOLDER_PATH)/SwinjectStoryboard.framework",
				"$(DERIVED_FILE_DIR)/$(FRAMEWORKS_FOLDER_PATH)/Kingfisher.framework",
			);
			runOnlyForDeploymentPostprocessing = 0;
			shellPath = /bin/sh;
			shellScript = "/usr/local/bin/carthage copy-frameworks";
		};
/* End PBXShellScriptBuildPhase section */

/* Begin PBXSourcesBuildPhase section */
		BEE6A8211FE0FB7E00EA047C /* Sources */ = {
			isa = PBXSourcesBuildPhase;
			buildActionMask = 2147483647;
			files = (
				BE4C0F311FE4522600311E19 /* MovieDataStore.swift in Sources */,
				BEE6A8291FE0FB7E00EA047C /* AppDelegate.swift in Sources */,
				BE4A91D21FE3FEFE00BF99FA /* CoreDataQueryDataStore.swift in Sources */,
				BEDDDBC61FE3A96900560342 /* QueryManagedObject+CoreDataClass.swift in Sources */,
				BE796CA51FE254D300700B4F /* JSONTranslation.swift in Sources */,
				BE796CAB1FE281CE00700B4F /* MovieTableViewCell.swift in Sources */,
				BE4C0F391FE462FC00311E19 /* MenuTableViewController.swift in Sources */,
				BEAD8E1E1FE108B100546C7A /* NetworkError.swift in Sources */,
				BE7373601FE307BC0026CE6E /* UIImageView+Extension.swift in Sources */,
				BEAD8E181FE1075E00546C7A /* APIRoutering.swift in Sources */,
				BE2A10F41FE14C4D0097039D /* AlamofireMovieDataStore.swift in Sources */,
				BE2A10FC1FE177940097039D /* MovieRequestModel.swift in Sources */,
				BE796CAD1FE28EC100700B4F /* MovieTableViewCellViewModel.swift in Sources */,
				BE2A10EF1FE148DD0097039D /* MovieSearchViewModel.swift in Sources */,
				BEAD8E491FE116FB00546C7A /* SwinjectStoryboard+Extensions.swift in Sources */,
				BEAD8E171FE1075E00546C7A /* AlamofireRouterRequest.swift in Sources */,
				BEAD8E191FE1075E00546C7A /* Networking.swift in Sources */,
				BE4C0F321FE4522600311E19 /* QueryDataStore.swift in Sources */,
				BEAD8E4D1FE12C8900546C7A /* AppRootCoordinator.swift in Sources */,
				BEDDDBBF1FE3A6D600560342 /* Careem.xcdatamodeld in Sources */,
				BEAD8E161FE1075E00546C7A /* AlamofireNetwork.swift in Sources */,
				BEDDDBCC1FE3AEB600560342 /* CareemDataLayer.swift in Sources */,
				BEAD8E0F1FE106C300546C7A /* AppConstants.swift in Sources */,
				BEAD8E1C1FE1085D00546C7A /* DataResponseModel.swift in Sources */,
				BEAD8E481FE116FB00546C7A /* DependencyRegistry.swift in Sources */,
				BE2A10F61FE16A780097039D /* MovieDataTransferObject.swift in Sources */,
				BEDDDBC71FE3A96900560342 /* QueryManagedObject+CoreDataProperties.swift in Sources */,
				BE2A10FA1FE177820097039D /* MovieResponseModel.swift in Sources */,
				BEAD8E521FE1332800546C7A /* MovieSearchViewController.swift in Sources */,
			);
			runOnlyForDeploymentPostprocessing = 0;
		};
		BEE6A8351FE0FB7E00EA047C /* Sources */ = {
			isa = PBXSourcesBuildPhase;
			buildActionMask = 2147483647;
			files = (
				BE3F8CBD1FE6694D00226107 /* MovieViewModelSavedQueryTests.swift in Sources */,
				BE3F8CB91FE6691400226107 /* MovieViewModelSearchQueryTests.swift in Sources */,
				BE3F8CB01FE6342300226107 /* MovieDataTransferObjectTests.swift in Sources */,
				BE3F8CB21FE635BB00226107 /* StubMovieDataStore.swift in Sources */,
				BE3F8CBB1FE6692E00226107 /* MovieViewModelLoadNextPageTests.swift in Sources */,
				BE3F8CB61FE63CF300226107 /* StubQueryDataStore.swift in Sources */,
			);
			runOnlyForDeploymentPostprocessing = 0;
		};
/* End PBXSourcesBuildPhase section */

/* Begin PBXTargetDependency section */
		BEE6A83B1FE0FB7E00EA047C /* PBXTargetDependency */ = {
			isa = PBXTargetDependency;
			target = BEE6A8241FE0FB7E00EA047C /* CareemAssignment */;
			targetProxy = BEE6A83A1FE0FB7E00EA047C /* PBXContainerItemProxy */;
		};
/* End PBXTargetDependency section */

/* Begin XCBuildConfiguration section */
		BEE6A8401FE0FB7E00EA047C /* Debug */ = {
			isa = XCBuildConfiguration;
			buildSettings = {
				ALWAYS_SEARCH_USER_PATHS = NO;
				CLANG_ANALYZER_NONNULL = YES;
				CLANG_ANALYZER_NUMBER_OBJECT_CONVERSION = YES_AGGRESSIVE;
				CLANG_CXX_LANGUAGE_STANDARD = "gnu++14";
				CLANG_CXX_LIBRARY = "libc++";
				CLANG_ENABLE_MODULES = YES;
				CLANG_ENABLE_OBJC_ARC = YES;
				CLANG_WARN_BLOCK_CAPTURE_AUTORELEASING = YES;
				CLANG_WARN_BOOL_CONVERSION = YES;
				CLANG_WARN_COMMA = YES;
				CLANG_WARN_CONSTANT_CONVERSION = YES;
				CLANG_WARN_DIRECT_OBJC_ISA_USAGE = YES_ERROR;
				CLANG_WARN_DOCUMENTATION_COMMENTS = YES;
				CLANG_WARN_EMPTY_BODY = YES;
				CLANG_WARN_ENUM_CONVERSION = YES;
				CLANG_WARN_INFINITE_RECURSION = YES;
				CLANG_WARN_INT_CONVERSION = YES;
				CLANG_WARN_NON_LITERAL_NULL_CONVERSION = YES;
				CLANG_WARN_OBJC_LITERAL_CONVERSION = YES;
				CLANG_WARN_OBJC_ROOT_CLASS = YES_ERROR;
				CLANG_WARN_RANGE_LOOP_ANALYSIS = YES;
				CLANG_WARN_STRICT_PROTOTYPES = YES;
				CLANG_WARN_SUSPICIOUS_MOVE = YES;
				CLANG_WARN_UNGUARDED_AVAILABILITY = YES_AGGRESSIVE;
				CLANG_WARN_UNREACHABLE_CODE = YES;
				CLANG_WARN__DUPLICATE_METHOD_MATCH = YES;
				CODE_SIGN_IDENTITY = "iPhone Developer";
				COPY_PHASE_STRIP = NO;
				DEBUG_INFORMATION_FORMAT = dwarf;
				ENABLE_STRICT_OBJC_MSGSEND = YES;
				ENABLE_TESTABILITY = YES;
				GCC_C_LANGUAGE_STANDARD = gnu11;
				GCC_DYNAMIC_NO_PIC = NO;
				GCC_NO_COMMON_BLOCKS = YES;
				GCC_OPTIMIZATION_LEVEL = 0;
				GCC_PREPROCESSOR_DEFINITIONS = (
					"DEBUG=1",
					"$(inherited)",
				);
				GCC_WARN_64_TO_32_BIT_CONVERSION = YES;
				GCC_WARN_ABOUT_RETURN_TYPE = YES_ERROR;
				GCC_WARN_UNDECLARED_SELECTOR = YES;
				GCC_WARN_UNINITIALIZED_AUTOS = YES_AGGRESSIVE;
				GCC_WARN_UNUSED_FUNCTION = YES;
				GCC_WARN_UNUSED_VARIABLE = YES;
				IPHONEOS_DEPLOYMENT_TARGET = 11.2;
				MTL_ENABLE_DEBUG_INFO = YES;
				ONLY_ACTIVE_ARCH = YES;
				SDKROOT = iphoneos;
				SWIFT_ACTIVE_COMPILATION_CONDITIONS = DEBUG;
				SWIFT_OPTIMIZATION_LEVEL = "-Onone";
			};
			name = Debug;
		};
		BEE6A8411FE0FB7E00EA047C /* Release */ = {
			isa = XCBuildConfiguration;
			buildSettings = {
				ALWAYS_SEARCH_USER_PATHS = NO;
				CLANG_ANALYZER_NONNULL = YES;
				CLANG_ANALYZER_NUMBER_OBJECT_CONVERSION = YES_AGGRESSIVE;
				CLANG_CXX_LANGUAGE_STANDARD = "gnu++14";
				CLANG_CXX_LIBRARY = "libc++";
				CLANG_ENABLE_MODULES = YES;
				CLANG_ENABLE_OBJC_ARC = YES;
				CLANG_WARN_BLOCK_CAPTURE_AUTORELEASING = YES;
				CLANG_WARN_BOOL_CONVERSION = YES;
				CLANG_WARN_COMMA = YES;
				CLANG_WARN_CONSTANT_CONVERSION = YES;
				CLANG_WARN_DIRECT_OBJC_ISA_USAGE = YES_ERROR;
				CLANG_WARN_DOCUMENTATION_COMMENTS = YES;
				CLANG_WARN_EMPTY_BODY = YES;
				CLANG_WARN_ENUM_CONVERSION = YES;
				CLANG_WARN_INFINITE_RECURSION = YES;
				CLANG_WARN_INT_CONVERSION = YES;
				CLANG_WARN_NON_LITERAL_NULL_CONVERSION = YES;
				CLANG_WARN_OBJC_LITERAL_CONVERSION = YES;
				CLANG_WARN_OBJC_ROOT_CLASS = YES_ERROR;
				CLANG_WARN_RANGE_LOOP_ANALYSIS = YES;
				CLANG_WARN_STRICT_PROTOTYPES = YES;
				CLANG_WARN_SUSPICIOUS_MOVE = YES;
				CLANG_WARN_UNGUARDED_AVAILABILITY = YES_AGGRESSIVE;
				CLANG_WARN_UNREACHABLE_CODE = YES;
				CLANG_WARN__DUPLICATE_METHOD_MATCH = YES;
				CODE_SIGN_IDENTITY = "iPhone Developer";
				COPY_PHASE_STRIP = NO;
				DEBUG_INFORMATION_FORMAT = "dwarf-with-dsym";
				ENABLE_NS_ASSERTIONS = NO;
				ENABLE_STRICT_OBJC_MSGSEND = YES;
				GCC_C_LANGUAGE_STANDARD = gnu11;
				GCC_NO_COMMON_BLOCKS = YES;
				GCC_WARN_64_TO_32_BIT_CONVERSION = YES;
				GCC_WARN_ABOUT_RETURN_TYPE = YES_ERROR;
				GCC_WARN_UNDECLARED_SELECTOR = YES;
				GCC_WARN_UNINITIALIZED_AUTOS = YES_AGGRESSIVE;
				GCC_WARN_UNUSED_FUNCTION = YES;
				GCC_WARN_UNUSED_VARIABLE = YES;
				IPHONEOS_DEPLOYMENT_TARGET = 11.2;
				MTL_ENABLE_DEBUG_INFO = NO;
				SDKROOT = iphoneos;
				SWIFT_OPTIMIZATION_LEVEL = "-Owholemodule";
				VALIDATE_PRODUCT = YES;
			};
			name = Release;
		};
		BEE6A8431FE0FB7E00EA047C /* Debug */ = {
			isa = XCBuildConfiguration;
			buildSettings = {
				ASSETCATALOG_COMPILER_APPICON_NAME = AppIcon;
				CODE_SIGN_STYLE = Manual;
				DEVELOPMENT_TEAM = "";
				FRAMEWORK_SEARCH_PATHS = (
					"$(inherited)",
					"$(PROJECT_DIR)/Carthage/Build/iOS",
				);
				INFOPLIST_FILE = CareemAssignment/Info.plist;
				IPHONEOS_DEPLOYMENT_TARGET = 9.0;
				LD_RUNPATH_SEARCH_PATHS = "$(inherited) @executable_path/Frameworks";
				PRODUCT_BUNDLE_IDENTIFIER = venturedive.com.vd.CareemAssignment;
				PRODUCT_NAME = "$(TARGET_NAME)";
				PROVISIONING_PROFILE_SPECIFIER = "";
				SWIFT_VERSION = 4.0;
				TARGETED_DEVICE_FAMILY = "1,2";
			};
			name = Debug;
		};
		BEE6A8441FE0FB7E00EA047C /* Release */ = {
			isa = XCBuildConfiguration;
			buildSettings = {
				ASSETCATALOG_COMPILER_APPICON_NAME = AppIcon;
				CODE_SIGN_STYLE = Manual;
				DEVELOPMENT_TEAM = "";
				FRAMEWORK_SEARCH_PATHS = (
					"$(inherited)",
					"$(PROJECT_DIR)/Carthage/Build/iOS",
				);
				INFOPLIST_FILE = CareemAssignment/Info.plist;
				IPHONEOS_DEPLOYMENT_TARGET = 9.0;
				LD_RUNPATH_SEARCH_PATHS = "$(inherited) @executable_path/Frameworks";
				PRODUCT_BUNDLE_IDENTIFIER = venturedive.com.vd.CareemAssignment;
				PRODUCT_NAME = "$(TARGET_NAME)";
				PROVISIONING_PROFILE_SPECIFIER = "";
				SWIFT_VERSION = 4.0;
				TARGETED_DEVICE_FAMILY = "1,2";
			};
			name = Release;
		};
		BEE6A8461FE0FB7E00EA047C /* Debug */ = {
			isa = XCBuildConfiguration;
			buildSettings = {
				ALWAYS_EMBED_SWIFT_STANDARD_LIBRARIES = YES;
				BUNDLE_LOADER = "$(TEST_HOST)";
				CODE_SIGN_STYLE = Automatic;
				INFOPLIST_FILE = CareemAssignmentTests/Info.plist;
				LD_RUNPATH_SEARCH_PATHS = "$(inherited) @executable_path/Frameworks @loader_path/Frameworks";
				PRODUCT_BUNDLE_IDENTIFIER = venturedive.com.vd.CareemAssignmentTests;
				PRODUCT_NAME = "$(TARGET_NAME)";
				SWIFT_VERSION = 4.0;
				TARGETED_DEVICE_FAMILY = "1,2";
				TEST_HOST = "$(BUILT_PRODUCTS_DIR)/CareemAssignment.app/CareemAssignment";
			};
			name = Debug;
		};
		BEE6A8471FE0FB7E00EA047C /* Release */ = {
			isa = XCBuildConfiguration;
			buildSettings = {
				ALWAYS_EMBED_SWIFT_STANDARD_LIBRARIES = YES;
				BUNDLE_LOADER = "$(TEST_HOST)";
				CODE_SIGN_STYLE = Automatic;
				INFOPLIST_FILE = CareemAssignmentTests/Info.plist;
				LD_RUNPATH_SEARCH_PATHS = "$(inherited) @executable_path/Frameworks @loader_path/Frameworks";
				PRODUCT_BUNDLE_IDENTIFIER = venturedive.com.vd.CareemAssignmentTests;
				PRODUCT_NAME = "$(TARGET_NAME)";
				SWIFT_VERSION = 4.0;
				TARGETED_DEVICE_FAMILY = "1,2";
				TEST_HOST = "$(BUILT_PRODUCTS_DIR)/CareemAssignment.app/CareemAssignment";
			};
			name = Release;
		};
/* End XCBuildConfiguration section */

/* Begin XCConfigurationList section */
		BEE6A8201FE0FB7E00EA047C /* Build configuration list for PBXProject "CareemAssignment" */ = {
			isa = XCConfigurationList;
			buildConfigurations = (
				BEE6A8401FE0FB7E00EA047C /* Debug */,
				BEE6A8411FE0FB7E00EA047C /* Release */,
			);
			defaultConfigurationIsVisible = 0;
			defaultConfigurationName = Release;
		};
		BEE6A8421FE0FB7E00EA047C /* Build configuration list for PBXNativeTarget "CareemAssignment" */ = {
			isa = XCConfigurationList;
			buildConfigurations = (
				BEE6A8431FE0FB7E00EA047C /* Debug */,
				BEE6A8441FE0FB7E00EA047C /* Release */,
			);
			defaultConfigurationIsVisible = 0;
			defaultConfigurationName = Release;
		};
		BEE6A8451FE0FB7E00EA047C /* Build configuration list for PBXNativeTarget "CareemAssignmentTests" */ = {
			isa = XCConfigurationList;
			buildConfigurations = (
				BEE6A8461FE0FB7E00EA047C /* Debug */,
				BEE6A8471FE0FB7E00EA047C /* Release */,
			);
			defaultConfigurationIsVisible = 0;
			defaultConfigurationName = Release;
		};
/* End XCConfigurationList section */

/* Begin XCVersionGroup section */
		BEDDDBBD1FE3A6D600560342 /* Careem.xcdatamodeld */ = {
			isa = XCVersionGroup;
			children = (
				BEDDDBBE1FE3A6D600560342 /* Careem.xcdatamodel */,
			);
			currentVersion = BEDDDBBE1FE3A6D600560342 /* Careem.xcdatamodel */;
			path = Careem.xcdatamodeld;
			sourceTree = "<group>";
			versionGroupType = wrapper.xcdatamodel;
		};
/* End XCVersionGroup section */
	};
	rootObject = BEE6A81D1FE0FB7E00EA047C /* Project object */;
}
